# @generated by Move, please check-in and do not edit manually.

[move]
version = 3
manifest_digest = "F6BCDBCA995F2AD01A3AF59312BC3E1E20B0CABFFE9305EC8C29C82975653AA6"
deps_digest = "F8BBB0CCB2491CA29A3DF03D6F92277A4F3574266507ACD77214D37ECA3F3082"
dependencies = [
  { id = "Sui", name = "Sui" },
]

[[move.package]]
id = "MoveStdlib"
source = { git = "https://github.com/MystenLabs/sui.git", rev = "framework/testnet", subdir = "crates/sui-framework/packages/move-stdlib" }

[[move.package]]
id = "Sui"
source = { git = "https://github.com/MystenLabs/sui.git", rev = "framework/testnet", subdir = "crates/sui-framework/packages/sui-framework" }

dependencies = [
  { id = "MoveStdlib", name = "MoveStdlib" },
]

[move.toolchain-version]
compiler-version = "1.47.1"
edition = "2024"
flavor = "sui"

[env]

[env.devnet]
chain-id = "e726a3a8"
original-published-id = "0x60257df5bc55a71c8dea5f70aa35c17a34622c52e41a327710b3187747148d8f"
latest-published-id = "0x60257df5bc55a71c8dea5f70aa35c17a34622c52e41a327710b3187747148d8f"
published-version = "1"

[env.testnet]
chain-id = "4c78adac"
original-published-id = "0xe1fc20eacc3430eb5a5fecb532a7273ab39a50366550420663b50edec5853cc5"
latest-published-id = "0xe1fc20eacc3430eb5a5fecb532a7273ab39a50366550420663b50edec5853cc5"
published-version = "1"
